
Microsoft Visual Studio Solution File, Format Version 12.00
# Visual Studio 15
VisualStudioVersion = 15.0.26124.0
MinimumVisualStudioVersion = 15.0.26124.0
Project("{2150E333-8FDC-42A3-9474-1A3956D46DE8}") = "Parser", "Parser", "{E6CE5A63-D1CB-4B1C-8ACD-2AD9EDDD94ED}"
EndProject
Project("{FAE04EC0-301F-11D3-BF4B-00C04F79EFBC}") = "CsLoxInterpreter", "Parser\CsLoxInterpreter\CsLoxInterpreter.csproj", "{B5D90ABB-1905-47E7-9599-B211D04B6E9B}"
EndProject
Project("{FAE04EC0-301F-11D3-BF4B-00C04F79EFBC}") = "ParserApp", "Parser\ParserApp\ParserApp.csproj", "{7ABA75AA-2A15-459C-A303-2AED077521DD}"
EndProject
Global
	GlobalSection(SolutionConfigurationPlatforms) = preSolution
		Debug|Any CPU = Debug|Any CPU
		Debug|x64 = Debug|x64
		Debug|x86 = Debug|x86
		Release|Any CPU = Release|Any CPU
		Release|x64 = Release|x64
		Release|x86 = Release|x86
	EndGlobalSection
	GlobalSection(SolutionProperties) = preSolution
		HideSolutionNode = FALSE
	EndGlobalSection
	GlobalSection(ProjectConfigurationPlatforms) = postSolution
		{B5D90ABB-1905-47E7-9599-B211D04B6E9B}.Debug|Any CPU.ActiveCfg = Debug|Any CPU
		{B5D90ABB-1905-47E7-9599-B211D04B6E9B}.Debug|Any CPU.Build.0 = Debug|Any CPU
		{B5D90ABB-1905-47E7-9599-B211D04B6E9B}.Debug|x64.ActiveCfg = Debug|Any CPU
		{B5D90ABB-1905-47E7-9599-B211D04B6E9B}.Debug|x64.Build.0 = Debug|Any CPU
		{B5D90ABB-1905-47E7-9599-B211D04B6E9B}.Debug|x86.ActiveCfg = Debug|Any CPU
		{B5D90ABB-1905-47E7-9599-B211D04B6E9B}.Debug|x86.Build.0 = Debug|Any CPU
		{B5D90ABB-1905-47E7-9599-B211D04B6E9B}.Release|Any CPU.ActiveCfg = Release|Any CPU
		{B5D90ABB-1905-47E7-9599-B211D04B6E9B}.Release|Any CPU.Build.0 = Release|Any CPU
		{B5D90ABB-1905-47E7-9599-B211D04B6E9B}.Release|x64.ActiveCfg = Release|Any CPU
		{B5D90ABB-1905-47E7-9599-B211D04B6E9B}.Release|x64.Build.0 = Release|Any CPU
		{B5D90ABB-1905-47E7-9599-B211D04B6E9B}.Release|x86.ActiveCfg = Release|Any CPU
		{B5D90ABB-1905-47E7-9599-B211D04B6E9B}.Release|x86.Build.0 = Release|Any CPU
		{7ABA75AA-2A15-459C-A303-2AED077521DD}.Debug|Any CPU.ActiveCfg = Debug|Any CPU
		{7ABA75AA-2A15-459C-A303-2AED077521DD}.Debug|Any CPU.Build.0 = Debug|Any CPU
		{7ABA75AA-2A15-459C-A303-2AED077521DD}.Debug|x64.ActiveCfg = Debug|Any CPU
		{7ABA75AA-2A15-459C-A303-2AED077521DD}.Debug|x64.Build.0 = Debug|Any CPU
		{7ABA75AA-2A15-459C-A303-2AED077521DD}.Debug|x86.ActiveCfg = Debug|Any CPU
		{7ABA75AA-2A15-459C-A303-2AED077521DD}.Debug|x86.Build.0 = Debug|Any CPU
		{7ABA75AA-2A15-459C-A303-2AED077521DD}.Release|Any CPU.ActiveCfg = Release|Any CPU
		{7ABA75AA-2A15-459C-A303-2AED077521DD}.Release|Any CPU.Build.0 = Release|Any CPU
		{7ABA75AA-2A15-459C-A303-2AED077521DD}.Release|x64.ActiveCfg = Release|Any CPU
		{7ABA75AA-2A15-459C-A303-2AED077521DD}.Release|x64.Build.0 = Release|Any CPU
		{7ABA75AA-2A15-459C-A303-2AED077521DD}.Release|x86.ActiveCfg = Release|Any CPU
		{7ABA75AA-2A15-459C-A303-2AED077521DD}.Release|x86.Build.0 = Release|Any CPU
	EndGlobalSection
	GlobalSection(NestedProjects) = preSolution
		{B5D90ABB-1905-47E7-9599-B211D04B6E9B} = {E6CE5A63-D1CB-4B1C-8ACD-2AD9EDDD94ED}
		{7ABA75AA-2A15-459C-A303-2AED077521DD} = {E6CE5A63-D1CB-4B1C-8ACD-2AD9EDDD94ED}
	EndGlobalSection
EndGlobal
